
Microsoft Visual Studio Solution File, Format Version 12.00
# Visual Studio Version 16
VisualStudioVersion = 16.0.31205.134
MinimumVisualStudioVersion = 10.0.40219.1
Project("{9A19103F-16F7-4668-BE54-9A1E7A4F7556}") = "FaunadbShopApplication.Test", "FaunadbShopApplication.Test\FaunadbShopApplication.Test.csproj", "{9F607541-8506-4C12-AA9A-BF23EA2A7303}"
EndProject
Project("{9A19103F-16F7-4668-BE54-9A1E7A4F7556}") = "FaunadbShopApplication", "FaunadbShopApplication\FaunadbShopApplication.csproj", "{D37B21DA-C101-4BF0-8617-66EFE04E9A78}"
EndProject
Project("{2150E333-8FDC-42A3-9474-1A3956D46DE8}") = "Solution Items", "Solution Items", "{C753D2B1-C8CA-45A2-873B-FD8F2888D601}"
	ProjectSection(SolutionItems) = preProject
		README.md = README.md
	EndProjectSection
EndProject
Global
	GlobalSection(SolutionConfigurationPlatforms) = preSolution
		Debug|Any CPU = Debug|Any CPU
		Release|Any CPU = Release|Any CPU
	EndGlobalSection
	GlobalSection(ProjectConfigurationPlatforms) = postSolution
		{9F607541-8506-4C12-AA9A-BF23EA2A7303}.Debug|Any CPU.ActiveCfg = Debug|Any CPU
		{9F607541-8506-4C12-AA9A-BF23EA2A7303}.Debug|Any CPU.Build.0 = Debug|Any CPU
		{9F607541-8506-4C12-AA9A-BF23EA2A7303}.Release|Any CPU.ActiveCfg = Release|Any CPU
		{9F607541-8506-4C12-AA9A-BF23EA2A7303}.Release|Any CPU.Build.0 = Release|Any CPU
		{D37B21DA-C101-4BF0-8617-66EFE04E9A78}.Debug|Any CPU.ActiveCfg = Debug|Any CPU
		{D37B21DA-C101-4BF0-8617-66EFE04E9A78}.Debug|Any CPU.Build.0 = Debug|Any CPU
		{D37B21DA-C101-4BF0-8617-66EFE04E9A78}.Release|Any CPU.ActiveCfg = Release|Any CPU
		{D37B21DA-C101-4BF0-8617-66EFE04E9A78}.Release|Any CPU.Build.0 = Release|Any CPU
	EndGlobalSection
	GlobalSection(SolutionProperties) = preSolution
		HideSolutionNode = FALSE
	EndGlobalSection
	GlobalSection(ExtensibilityGlobals) = postSolution
		SolutionGuid = {2276E441-7B61-4848-B027-219A56DD9001}
	EndGlobalSection
EndGlobal
